
Microsoft Visual Studio Solution File, Format Version 12.00
# Visual Studio Version 17
VisualStudioVersion = 17.14.36915.13 d17.14
MinimumVisualStudioVersion = 10.0.40219.1
Project("{FAE04EC0-301F-11D3-BF4B-00C04F79EFBC}") = "Rentals.API", "Rentals.API\Rentals.API.csproj", "{7956DCDF-902C-4C5C-8391-162AA7F38E05}"
EndProject
Global
	GlobalSection(SolutionConfigurationPlatforms) = preSolution
		Debug|Any CPU = Debug|Any CPU
		Release|Any CPU = Release|Any CPU
	EndGlobalSection
	GlobalSection(ProjectConfigurationPlatforms) = postSolution
		{7956DCDF-902C-4C5C-8391-162AA7F38E05}.Debug|Any CPU.ActiveCfg = Debug|Any CPU
		{7956DCDF-902C-4C5C-8391-162AA7F38E05}.Debug|Any CPU.Build.0 = Debug|Any CPU
		{7956DCDF-902C-4C5C-8391-162AA7F38E05}.Release|Any CPU.ActiveCfg = Release|Any CPU
		{7956DCDF-902C-4C5C-8391-162AA7F38E05}.Release|Any CPU.Build.0 = Release|Any CPU
	EndGlobalSection
	GlobalSection(SolutionProperties) = preSolution
		HideSolutionNode = FALSE
	EndGlobalSection
	GlobalSection(ExtensibilityGlobals) = postSolution
		SolutionGuid = {B3032E3F-6527-4FEC-B6FE-832791BDB133}
	EndGlobalSection
EndGlobal
